
Microsoft Visual Studio Solution File, Format Version 12.00
# Visual Studio Version 16
VisualStudioVersion = 16.0.30413.136
MinimumVisualStudioVersion = 10.0.40219.1
Project("{FAE04EC0-301F-11D3-BF4B-00C04F79EFBC}") = "CarteiraDeAtivos", "CarteiraDeAtivos.csproj", "{2F06A354-B890-45AB-A9BC-1751A0933905}"
EndProject
Global
	GlobalSection(SolutionConfigurationPlatforms) = preSolution
		Debug|Any CPU = Debug|Any CPU
		Release|Any CPU = Release|Any CPU
	EndGlobalSection
	GlobalSection(ProjectConfigurationPlatforms) = postSolution
		{2F06A354-B890-45AB-A9BC-1751A0933905}.Debug|Any CPU.ActiveCfg = Debug|Any CPU
		{2F06A354-B890-45AB-A9BC-1751A0933905}.Debug|Any CPU.Build.0 = Debug|Any CPU
		{2F06A354-B890-45AB-A9BC-1751A0933905}.Release|Any CPU.ActiveCfg = Release|Any CPU
		{2F06A354-B890-45AB-A9BC-1751A0933905}.Release|Any CPU.Build.0 = Release|Any CPU
	EndGlobalSection
	GlobalSection(SolutionProperties) = preSolution
		HideSolutionNode = FALSE
	EndGlobalSection
	GlobalSection(ExtensibilityGlobals) = postSolution
		SolutionGuid = {54E87E6F-DFC1-41D5-A37F-9FECEEE850A9}
	EndGlobalSection
EndGlobal
